
Microsoft Visual Studio Solution File, Format Version 12.00
# Visual Studio Version 17
VisualStudioVersion = 17.4.33213.308
MinimumVisualStudioVersion = 10.0.40219.1
Project("{FAE04EC0-301F-11D3-BF4B-00C04F79EFBC}") = "Aula27", "Aula27\Aula27.csproj", "{D6B230DE-728C-41D2-B59B-28D5B79FBED5}"
EndProject
Global
	GlobalSection(SolutionConfigurationPlatforms) = preSolution
		Debug|Any CPU = Debug|Any CPU
		Release|Any CPU = Release|Any CPU
	EndGlobalSection
	GlobalSection(ProjectConfigurationPlatforms) = postSolution
		{D6B230DE-728C-41D2-B59B-28D5B79FBED5}.Debug|Any CPU.ActiveCfg = Debug|Any CPU
		{D6B230DE-728C-41D2-B59B-28D5B79FBED5}.Debug|Any CPU.Build.0 = Debug|Any CPU
		{D6B230DE-728C-41D2-B59B-28D5B79FBED5}.Release|Any CPU.ActiveCfg = Release|Any CPU
		{D6B230DE-728C-41D2-B59B-28D5B79FBED5}.Release|Any CPU.Build.0 = Release|Any CPU
	EndGlobalSection
	GlobalSection(SolutionProperties) = preSolution
		HideSolutionNode = FALSE
	EndGlobalSection
	GlobalSection(ExtensibilityGlobals) = postSolution
		SolutionGuid = {47C940D7-DCAC-4D09-AEAE-7F1B9D483644}
	EndGlobalSection
EndGlobal
